
Microsoft Visual Studio Solution File, Format Version 12.00
# Visual Studio 14
VisualStudioVersion = 14.0.25123.0
MinimumVisualStudioVersion = 10.0.40219.1
Project("{28BC5833-D9FF-4BEC-854A-FBBB7D23C09A}") = "Sitecore.Support.229445", "Sitecore.Support.229445\Sitecore.Support.229445.csproj", "{2D52D63E-8C7F-48F0-BF67-F144C6B19658}"
EndProject
Global
	GlobalSection(SolutionConfigurationPlatforms) = preSolution
		Debug|Any CPU = Debug|Any CPU
		Release|Any CPU = Release|Any CPU
	EndGlobalSection
	GlobalSection(ProjectConfigurationPlatforms) = postSolution
		{2D52D63E-8C7F-48F0-BF67-F144C6B19658}.Debug|Any CPU.ActiveCfg = Debug|Any CPU
		{2D52D63E-8C7F-48F0-BF67-F144C6B19658}.Debug|Any CPU.Build.0 = Debug|Any CPU
		{2D52D63E-8C7F-48F0-BF67-F144C6B19658}.Release|Any CPU.ActiveCfg = Release|Any CPU
		{2D52D63E-8C7F-48F0-BF67-F144C6B19658}.Release|Any CPU.Build.0 = Release|Any CPU
	EndGlobalSection
	GlobalSection(SolutionProperties) = preSolution
		HideSolutionNode = FALSE
	EndGlobalSection
EndGlobal
